
Microsoft Visual Studio Solution File, Format Version 12.00
# Visual Studio 15
VisualStudioVersion = 15.0.27703.2042
MinimumVisualStudioVersion = 10.0.40219.1
Project("{FAE04EC0-301F-11D3-BF4B-00C04F79EFBC}") = "DIENA1", "DIENA1\DIENA1.csproj", "{7A9A9626-F12D-4156-9DF8-BA5801BD4757}"
EndProject
Project("{FAE04EC0-301F-11D3-BF4B-00C04F79EFBC}") = "DIENA1_UZDEVUMI", "UZDEVUMI\DIENA1_UZDEVUMI.csproj", "{5B6A0E3A-62EF-4BC8-A278-D61D4A394578}"
EndProject
Project("{FAE04EC0-301F-11D3-BF4B-00C04F79EFBC}") = "Diena2", "Diena2\Diena2.csproj", "{F2AA1BAD-2C2E-4F67-9149-7F8597FA43CC}"
EndProject
Project("{FAE04EC0-301F-11D3-BF4B-00C04F79EFBC}") = "DIENATRIS", "DIENATRIS\DIENATRIS.csproj", "{6387E9B6-B766-4F24-A050-BDA6F62AF993}"
EndProject
Project("{FAE04EC0-301F-11D3-BF4B-00C04F79EFBC}") = "DIENA4", "DIENA4\DIENA4.csproj", "{D0DBC4BE-2E10-45FC-B2A2-9BF8790E6895}"
EndProject
Project("{FAE04EC0-301F-11D3-BF4B-00C04F79EFBC}") = "DIENA5", "DIENA5\DIENA5.csproj", "{37429C3F-AD35-42FD-9168-AD9D0CBAEC3C}"
EndProject
Project("{FAE04EC0-301F-11D3-BF4B-00C04F79EFBC}") = "DIENA6PraktiskaisDarbs", "DIENA6PraktiskaisDarbs\DIENA6PraktiskaisDarbs.csproj", "{847D1076-FA50-4EC3-8241-CBF318F865A3}"
EndProject
Project("{FAE04EC0-301F-11D3-BF4B-00C04F79EFBC}") = "BlackJack.Data", "BlackJack.Data\BlackJack.Data.csproj", "{28628C3F-E207-4AF4-94A5-D5904506E565}"
EndProject
Project("{FAE04EC0-301F-11D3-BF4B-00C04F79EFBC}") = "DZERIENUAUTOMATS", "DZERIENUAUTOMATS\DZERIENUAUTOMATS.csproj", "{587323EF-23EA-47CE-B46D-A8720468C933}"
EndProject
Project("{FAE04EC0-301F-11D3-BF4B-00C04F79EFBC}") = "DIENA8", "DIENA8\DIENA8.csproj", "{2AEE3E69-D36C-43F2-A6DD-BC7516C6CC17}"
EndProject
Project("{FAE04EC0-301F-11D3-BF4B-00C04F79EFBC}") = "WEB1", "WEB1\WEB1.csproj", "{77C685FB-BA01-4249-ABB2-07604D923D49}"
EndProject
Global
	GlobalSection(SolutionConfigurationPlatforms) = preSolution
		Debug|Any CPU = Debug|Any CPU
		Release|Any CPU = Release|Any CPU
	EndGlobalSection
	GlobalSection(ProjectConfigurationPlatforms) = postSolution
		{7A9A9626-F12D-4156-9DF8-BA5801BD4757}.Debug|Any CPU.ActiveCfg = Debug|Any CPU
		{7A9A9626-F12D-4156-9DF8-BA5801BD4757}.Debug|Any CPU.Build.0 = Debug|Any CPU
		{7A9A9626-F12D-4156-9DF8-BA5801BD4757}.Release|Any CPU.ActiveCfg = Release|Any CPU
		{7A9A9626-F12D-4156-9DF8-BA5801BD4757}.Release|Any CPU.Build.0 = Release|Any CPU
		{5B6A0E3A-62EF-4BC8-A278-D61D4A394578}.Debug|Any CPU.ActiveCfg = Debug|Any CPU
		{5B6A0E3A-62EF-4BC8-A278-D61D4A394578}.Debug|Any CPU.Build.0 = Debug|Any CPU
		{5B6A0E3A-62EF-4BC8-A278-D61D4A394578}.Release|Any CPU.ActiveCfg = Release|Any CPU
		{5B6A0E3A-62EF-4BC8-A278-D61D4A394578}.Release|Any CPU.Build.0 = Release|Any CPU
		{F2AA1BAD-2C2E-4F67-9149-7F8597FA43CC}.Debug|Any CPU.ActiveCfg = Debug|Any CPU
		{F2AA1BAD-2C2E-4F67-9149-7F8597FA43CC}.Debug|Any CPU.Build.0 = Debug|Any CPU
		{F2AA1BAD-2C2E-4F67-9149-7F8597FA43CC}.Release|Any CPU.ActiveCfg = Release|Any CPU
		{F2AA1BAD-2C2E-4F67-9149-7F8597FA43CC}.Release|Any CPU.Build.0 = Release|Any CPU
		{6387E9B6-B766-4F24-A050-BDA6F62AF993}.Debug|Any CPU.ActiveCfg = Debug|Any CPU
		{6387E9B6-B766-4F24-A050-BDA6F62AF993}.Debug|Any CPU.Build.0 = Debug|Any CPU
		{6387E9B6-B766-4F24-A050-BDA6F62AF993}.Release|Any CPU.ActiveCfg = Release|Any CPU
		{6387E9B6-B766-4F24-A050-BDA6F62AF993}.Release|Any CPU.Build.0 = Release|Any CPU
		{D0DBC4BE-2E10-45FC-B2A2-9BF8790E6895}.Debug|Any CPU.ActiveCfg = Debug|Any CPU
		{D0DBC4BE-2E10-45FC-B2A2-9BF8790E6895}.Debug|Any CPU.Build.0 = Debug|Any CPU
		{D0DBC4BE-2E10-45FC-B2A2-9BF8790E6895}.Release|Any CPU.ActiveCfg = Release|Any CPU
		{D0DBC4BE-2E10-45FC-B2A2-9BF8790E6895}.Release|Any CPU.Build.0 = Release|Any CPU
		{37429C3F-AD35-42FD-9168-AD9D0CBAEC3C}.Debug|Any CPU.ActiveCfg = Debug|Any CPU
		{37429C3F-AD35-42FD-9168-AD9D0CBAEC3C}.Debug|Any CPU.Build.0 = Debug|Any CPU
		{37429C3F-AD35-42FD-9168-AD9D0CBAEC3C}.Release|Any CPU.ActiveCfg = Release|Any CPU
		{37429C3F-AD35-42FD-9168-AD9D0CBAEC3C}.Release|Any CPU.Build.0 = Release|Any CPU
		{847D1076-FA50-4EC3-8241-CBF318F865A3}.Debug|Any CPU.ActiveCfg = Debug|Any CPU
		{847D1076-FA50-4EC3-8241-CBF318F865A3}.Debug|Any CPU.Build.0 = Debug|Any CPU
		{847D1076-FA50-4EC3-8241-CBF318F865A3}.Release|Any CPU.ActiveCfg = Release|Any CPU
		{847D1076-FA50-4EC3-8241-CBF318F865A3}.Release|Any CPU.Build.0 = Release|Any CPU
		{28628C3F-E207-4AF4-94A5-D5904506E565}.Debug|Any CPU.ActiveCfg = Debug|Any CPU
		{28628C3F-E207-4AF4-94A5-D5904506E565}.Debug|Any CPU.Build.0 = Debug|Any CPU
		{28628C3F-E207-4AF4-94A5-D5904506E565}.Release|Any CPU.ActiveCfg = Release|Any CPU
		{28628C3F-E207-4AF4-94A5-D5904506E565}.Release|Any CPU.Build.0 = Release|Any CPU
		{587323EF-23EA-47CE-B46D-A8720468C933}.Debug|Any CPU.ActiveCfg = Debug|Any CPU
		{587323EF-23EA-47CE-B46D-A8720468C933}.Debug|Any CPU.Build.0 = Debug|Any CPU
		{587323EF-23EA-47CE-B46D-A8720468C933}.Release|Any CPU.ActiveCfg = Release|Any CPU
		{587323EF-23EA-47CE-B46D-A8720468C933}.Release|Any CPU.Build.0 = Release|Any CPU
		{2AEE3E69-D36C-43F2-A6DD-BC7516C6CC17}.Debug|Any CPU.ActiveCfg = Debug|Any CPU
		{2AEE3E69-D36C-43F2-A6DD-BC7516C6CC17}.Debug|Any CPU.Build.0 = Debug|Any CPU
		{2AEE3E69-D36C-43F2-A6DD-BC7516C6CC17}.Release|Any CPU.ActiveCfg = Release|Any CPU
		{2AEE3E69-D36C-43F2-A6DD-BC7516C6CC17}.Release|Any CPU.Build.0 = Release|Any CPU
		{77C685FB-BA01-4249-ABB2-07604D923D49}.Debug|Any CPU.ActiveCfg = Debug|Any CPU
		{77C685FB-BA01-4249-ABB2-07604D923D49}.Debug|Any CPU.Build.0 = Debug|Any CPU
		{77C685FB-BA01-4249-ABB2-07604D923D49}.Release|Any CPU.ActiveCfg = Release|Any CPU
		{77C685FB-BA01-4249-ABB2-07604D923D49}.Release|Any CPU.Build.0 = Release|Any CPU
	EndGlobalSection
	GlobalSection(SolutionProperties) = preSolution
		HideSolutionNode = FALSE
	EndGlobalSection
	GlobalSection(ExtensibilityGlobals) = postSolution
		SolutionGuid = {B075A8C2-3693-4DC4-BEA9-ED9052264BCA}
	EndGlobalSection
EndGlobal
